// !$*UTF8*$!
{
	archiveVersion = 1;
	classes = {
	};
	objectVersion = 50;
	objects = {

/* Begin PBXBuildFile section */
		7B380CF8B9CBBCC9346C6E5B /* Pods_FancyFormsTests.framework in Frameworks */ = {isa = PBXBuildFile; fileRef = 174B85A27C42DBF2D108F955 /* Pods_FancyFormsTests.framework */; };
		96FEC4492141AF7A006D5EAA /* AppDelegate.swift in Sources */ = {isa = PBXBuildFile; fileRef = 96FEC4482141AF7A006D5EAA /* AppDelegate.swift */; };
		96FEC44B2141AF7A006D5EAA /* ViewController.swift in Sources */ = {isa = PBXBuildFile; fileRef = 96FEC44A2141AF7A006D5EAA /* ViewController.swift */; };
		96FEC44E2141AF7A006D5EAA /* Main.storyboard in Resources */ = {isa = PBXBuildFile; fileRef = 96FEC44C2141AF7A006D5EAA /* Main.storyboard */; };
		96FEC4512141AF7A006D5EAA /* FancyForms.xcdatamodeld in Sources */ = {isa = PBXBuildFile; fileRef = 96FEC44F2141AF7A006D5EAA /* FancyForms.xcdatamodeld */; };
		96FEC4532141AF7B006D5EAA /* Assets.xcassets in Resources */ = {isa = PBXBuildFile; fileRef = 96FEC4522141AF7B006D5EAA /* Assets.xcassets */; };
		96FEC4562141AF7B006D5EAA /* LaunchScreen.storyboard in Resources */ = {isa = PBXBuildFile; fileRef = 96FEC4542141AF7B006D5EAA /* LaunchScreen.storyboard */; };
		96FEC4612141AF7B006D5EAA /* FancyFormsTests.swift in Sources */ = {isa = PBXBuildFile; fileRef = 96FEC4602141AF7B006D5EAA /* FancyFormsTests.swift */; };
		F4D86E555DB8CBF2C53F521C /* Pods_FancyForms.framework in Frameworks */ = {isa = PBXBuildFile; fileRef = 16005FF34B674D4A1479F31A /* Pods_FancyForms.framework */; };
/* End PBXBuildFile section */

/* Begin PBXContainerItemProxy section */
		96FEC45D2141AF7B006D5EAA /* PBXContainerItemProxy */ = {
			isa = PBXContainerItemProxy;
			containerPortal = 96FEC43D2141AF7A006D5EAA /* Project object */;
			proxyType = 1;
			remoteGlobalIDString = 96FEC4442141AF7A006D5EAA;
			remoteInfo = FancyForms;
		};
/* End PBXContainerItemProxy section */

/* Begin PBXFileReference section */
		16005FF34B674D4A1479F31A /* Pods_FancyForms.framework */ = {isa = PBXFileReference; explicitFileType = wrapper.framework; includeInIndex = 0; path = Pods_FancyForms.framework; sourceTree = BUILT_PRODUCTS_DIR; };
		174B85A27C42DBF2D108F955 /* Pods_FancyFormsTests.framework */ = {isa = PBXFileReference; explicitFileType = wrapper.framework; includeInIndex = 0; path = Pods_FancyFormsTests.framework; sourceTree = BUILT_PRODUCTS_DIR; };
		211111B3F96E7934C6F13B32 /* Pods-FancyForms.debug.xcconfig */ = {isa = PBXFileReference; includeInIndex = 1; lastKnownFileType = text.xcconfig; name = "Pods-FancyForms.debug.xcconfig"; path = "Pods/Target Support Files/Pods-FancyForms/Pods-FancyForms.debug.xcconfig"; sourceTree = "<group>"; };
		962D7AC11E7E276D69D77292 /* Pods-FancyFormsTests.release.xcconfig */ = {isa = PBXFileReference; includeInIndex = 1; lastKnownFileType = text.xcconfig; name = "Pods-FancyFormsTests.release.xcconfig"; path = "Pods/Target Support Files/Pods-FancyFormsTests/Pods-FancyFormsTests.release.xcconfig"; sourceTree = "<group>"; };
		96FEC4452141AF7A006D5EAA /* FancyForms.app */ = {isa = PBXFileReference; explicitFileType = wrapper.application; includeInIndex = 0; path = FancyForms.app; sourceTree = BUILT_PRODUCTS_DIR; };
		96FEC4482141AF7A006D5EAA /* AppDelegate.swift */ = {isa = PBXFileReference; lastKnownFileType = sourcecode.swift; path = AppDelegate.swift; sourceTree = "<group>"; };
		96FEC44A2141AF7A006D5EAA /* ViewController.swift */ = {isa = PBXFileReference; lastKnownFileType = sourcecode.swift; path = ViewController.swift; sourceTree = "<group>"; };
		96FEC44D2141AF7A006D5EAA /* Base */ = {isa = PBXFileReference; lastKnownFileType = file.storyboard; name = Base; path = Base.lproj/Main.storyboard; sourceTree = "<group>"; };
		96FEC4502141AF7A006D5EAA /* FancyForms.xcdatamodel */ = {isa = PBXFileReference; lastKnownFileType = wrapper.xcdatamodel; path = FancyForms.xcdatamodel; sourceTree = "<group>"; };
		96FEC4522141AF7B006D5EAA /* Assets.xcassets */ = {isa = PBXFileReference; lastKnownFileType = folder.assetcatalog; path = Assets.xcassets; sourceTree = "<group>"; };
		96FEC4552141AF7B006D5EAA /* Base */ = {isa = PBXFileReference; lastKnownFileType = file.storyboard; name = Base; path = Base.lproj/LaunchScreen.storyboard; sourceTree = "<group>"; };
		96FEC4572141AF7B006D5EAA /* Info.plist */ = {isa = PBXFileReference; lastKnownFileType = text.plist.xml; path = Info.plist; sourceTree = "<group>"; };
		96FEC45C2141AF7B006D5EAA /* FancyFormsTests.xctest */ = {isa = PBXFileReference; explicitFileType = wrapper.cfbundle; includeInIndex = 0; path = FancyFormsTests.xctest; sourceTree = BUILT_PRODUCTS_DIR; };
		96FEC4602141AF7B006D5EAA /* FancyFormsTests.swift */ = {isa = PBXFileReference; lastKnownFileType = sourcecode.swift; path = FancyFormsTests.swift; sourceTree = "<group>"; };
		96FEC4622141AF7B006D5EAA /* Info.plist */ = {isa = PBXFileReference; lastKnownFileType = text.plist.xml; path = Info.plist; sourceTree = "<group>"; };
		A4EC2CB9C56D31C0DE29E453 /* Pods-FancyFormsTests.debug.xcconfig */ = {isa = PBXFileReference; includeInIndex = 1; lastKnownFileType = text.xcconfig; name = "Pods-FancyFormsTests.debug.xcconfig"; path = "Pods/Target Support Files/Pods-FancyFormsTests/Pods-FancyFormsTests.debug.xcconfig"; sourceTree = "<group>"; };
		FA4621324D1E2529C52D97DC /* Pods-FancyForms.release.xcconfig */ = {isa = PBXFileReference; includeInIndex = 1; lastKnownFileType = text.xcconfig; name = "Pods-FancyForms.release.xcconfig"; path = "Pods/Target Support Files/Pods-FancyForms/Pods-FancyForms.release.xcconfig"; sourceTree = "<group>"; };
/* End PBXFileReference section */

/* Begin PBXFrameworksBuildPhase section */
		96FEC4422141AF7A006D5EAA /* Frameworks */ = {
			isa = PBXFrameworksBuildPhase;
			buildActionMask = 2147483647;
			files = (
				F4D86E555DB8CBF2C53F521C /* Pods_FancyForms.framework in Frameworks */,
			);
			runOnlyForDeploymentPostprocessing = 0;
		};
		96FEC4592141AF7B006D5EAA /* Frameworks */ = {
			isa = PBXFrameworksBuildPhase;
			buildActionMask = 2147483647;
			files = (
				7B380CF8B9CBBCC9346C6E5B /* Pods_FancyFormsTests.framework in Frameworks */,
			);
			runOnlyForDeploymentPostprocessing = 0;
		};
/* End PBXFrameworksBuildPhase section */

/* Begin PBXGroup section */
		96FEC43C2141AF7A006D5EAA = {
			isa = PBXGroup;
			children = (
				96FEC4472141AF7A006D5EAA /* FancyForms */,
				96FEC45F2141AF7B006D5EAA /* FancyFormsTests */,
				96FEC4462141AF7A006D5EAA /* Products */,
				A3C8B4734889A41DA2C1A58D /* Pods */,
				DF5D32C8E1633F3C272679C5 /* Frameworks */,
			);
			sourceTree = "<group>";
		};
		96FEC4462141AF7A006D5EAA /* Products */ = {
			isa = PBXGroup;
			children = (
				96FEC4452141AF7A006D5EAA /* FancyForms.app */,
				96FEC45C2141AF7B006D5EAA /* FancyFormsTests.xctest */,
			);
			name = Products;
			sourceTree = "<group>";
		};
		96FEC4472141AF7A006D5EAA /* FancyForms */ = {
			isa = PBXGroup;
			children = (
				96FEC4482141AF7A006D5EAA /* AppDelegate.swift */,
				96FEC44A2141AF7A006D5EAA /* ViewController.swift */,
				96FEC44C2141AF7A006D5EAA /* Main.storyboard */,
				96FEC4522141AF7B006D5EAA /* Assets.xcassets */,
				96FEC4542141AF7B006D5EAA /* LaunchScreen.storyboard */,
				96FEC4572141AF7B006D5EAA /* Info.plist */,
				96FEC44F2141AF7A006D5EAA /* FancyForms.xcdatamodeld */,
			);
			path = FancyForms;
			sourceTree = "<group>";
		};
		96FEC45F2141AF7B006D5EAA /* FancyFormsTests */ = {
			isa = PBXGroup;
			children = (
				96FEC4602141AF7B006D5EAA /* FancyFormsTests.swift */,
				96FEC4622141AF7B006D5EAA /* Info.plist */,
			);
			path = FancyFormsTests;
			sourceTree = "<group>";
		};
		A3C8B4734889A41DA2C1A58D /* Pods */ = {
			isa = PBXGroup;
			children = (
				211111B3F96E7934C6F13B32 /* Pods-FancyForms.debug.xcconfig */,
				FA4621324D1E2529C52D97DC /* Pods-FancyForms.release.xcconfig */,
				A4EC2CB9C56D31C0DE29E453 /* Pods-FancyFormsTests.debug.xcconfig */,
				962D7AC11E7E276D69D77292 /* Pods-FancyFormsTests.release.xcconfig */,
			);
			name = Pods;
			sourceTree = "<group>";
		};
		DF5D32C8E1633F3C272679C5 /* Frameworks */ = {
			isa = PBXGroup;
			children = (
				16005FF34B674D4A1479F31A /* Pods_FancyForms.framework */,
				174B85A27C42DBF2D108F955 /* Pods_FancyFormsTests.framework */,
			);
			name = Frameworks;
			sourceTree = "<group>";
		};
/* End PBXGroup section */

/* Begin PBXNativeTarget section */
		96FEC4442141AF7A006D5EAA /* FancyForms */ = {
			isa = PBXNativeTarget;
			buildConfigurationList = 96FEC4652141AF7B006D5EAA /* Build configuration list for PBXNativeTarget "FancyForms" */;
			buildPhases = (
				05AA5E1510A07654BDAD3C2B /* [CP] Check Pods Manifest.lock */,
				96FEC4412141AF7A006D5EAA /* Sources */,
				96FEC4422141AF7A006D5EAA /* Frameworks */,
				96FEC4432141AF7A006D5EAA /* Resources */,
				BEF56BF1C58659642C2B2D9D /* [CP] Embed Pods Frameworks */,
			);
			buildRules = (
			);
			dependencies = (
			);
			name = FancyForms;
			productName = FancyForms;
			productReference = 96FEC4452141AF7A006D5EAA /* FancyForms.app */;
			productType = "com.apple.product-type.application";
		};
		96FEC45B2141AF7B006D5EAA /* FancyFormsTests */ = {
			isa = PBXNativeTarget;
			buildConfigurationList = 96FEC4682141AF7B006D5EAA /* Build configuration list for PBXNativeTarget "FancyFormsTests" */;
			buildPhases = (
				9D089AF85AE78168FB80FF6B /* [CP] Check Pods Manifest.lock */,
				96FEC4582141AF7B006D5EAA /* Sources */,
				96FEC4592141AF7B006D5EAA /* Frameworks */,
				96FEC45A2141AF7B006D5EAA /* Resources */,
			);
			buildRules = (
			);
			dependencies = (
				96FEC45E2141AF7B006D5EAA /* PBXTargetDependency */,
			);
			name = FancyFormsTests;
			productName = FancyFormsTests;
			productReference = 96FEC45C2141AF7B006D5EAA /* FancyFormsTests.xctest */;
			productType = "com.apple.product-type.bundle.unit-test";
		};
/* End PBXNativeTarget section */

/* Begin PBXProject section */
		96FEC43D2141AF7A006D5EAA /* Project object */ = {
			isa = PBXProject;
			attributes = {
				LastSwiftUpdateCheck = 0940;
				LastUpgradeCheck = 0940;
				ORGANIZATIONNAME = "Lauren Nicole Roth";
				TargetAttributes = {
					96FEC4442141AF7A006D5EAA = {
						CreatedOnToolsVersion = 9.4.1;
					};
					96FEC45B2141AF7B006D5EAA = {
						CreatedOnToolsVersion = 9.4.1;
						TestTargetID = 96FEC4442141AF7A006D5EAA;
					};
				};
			};
			buildConfigurationList = 96FEC4402141AF7A006D5EAA /* Build configuration list for PBXProject "FancyForms" */;
			compatibilityVersion = "Xcode 9.3";
			developmentRegion = en;
			hasScannedForEncodings = 0;
			knownRegions = (
				en,
				Base,
			);
			mainGroup = 96FEC43C2141AF7A006D5EAA;
			productRefGroup = 96FEC4462141AF7A006D5EAA /* Products */;
			projectDirPath = "";
			projectRoot = "";
			targets = (
				96FEC4442141AF7A006D5EAA /* FancyForms */,
				96FEC45B2141AF7B006D5EAA /* FancyFormsTests */,
			);
		};
/* End PBXProject section */

/* Begin PBXResourcesBuildPhase section */
		96FEC4432141AF7A006D5EAA /* Resources */ = {
			isa = PBXResourcesBuildPhase;
			buildActionMask = 2147483647;
			files = (
				96FEC4562141AF7B006D5EAA /* LaunchScreen.storyboard in Resources */,
				96FEC4532141AF7B006D5EAA /* Assets.xcassets in Resources */,
				96FEC44E2141AF7A006D5EAA /* Main.storyboard in Resources */,
			);
			runOnlyForDeploymentPostprocessing = 0;
		};
		96FEC45A2141AF7B006D5EAA /* Resources */ = {
			isa = PBXResourcesBuildPhase;
			buildActionMask = 2147483647;
			files = (
			);
			runOnlyForDeploymentPostprocessing = 0;
		};
/* End PBXResourcesBuildPhase section */

/* Begin PBXShellScriptBuildPhase section */
		05AA5E1510A07654BDAD3C2B /* [CP] Check Pods Manifest.lock */ = {
			isa = PBXShellScriptBuildPhase;
			buildActionMask = 2147483647;
			files = (
			);
			inputPaths = (
				"${PODS_PODFILE_DIR_PATH}/Podfile.lock",
				"${PODS_ROOT}/Manifest.lock",
			);
			name = "[CP] Check Pods Manifest.lock";
			outputPaths = (
				"$(DERIVED_FILE_DIR)/Pods-FancyForms-checkManifestLockResult.txt",
			);
			runOnlyForDeploymentPostprocessing = 0;
			shellPath = /bin/sh;
			shellScript = "diff \"${PODS_PODFILE_DIR_PATH}/Podfile.lock\" \"${PODS_ROOT}/Manifest.lock\" > /dev/null\nif [ $? != 0 ] ; then\n    # print error to STDERR\n    echo \"error: The sandbox is not in sync with the Podfile.lock. Run 'pod install' or update your CocoaPods installation.\" >&2\n    exit 1\nfi\n# This output is used by Xcode 'outputs' to avoid re-running this script phase.\necho \"SUCCESS\" > \"${SCRIPT_OUTPUT_FILE_0}\"\n";
			showEnvVarsInLog = 0;
		};
		9D089AF85AE78168FB80FF6B /* [CP] Check Pods Manifest.lock */ = {
			isa = PBXShellScriptBuildPhase;
			buildActionMask = 2147483647;
			files = (
			);
			inputPaths = (
				"${PODS_PODFILE_DIR_PATH}/Podfile.lock",
				"${PODS_ROOT}/Manifest.lock",
			);
			name = "[CP] Check Pods Manifest.lock";
			outputPaths = (
				"$(DERIVED_FILE_DIR)/Pods-FancyFormsTests-checkManifestLockResult.txt",
			);
			runOnlyForDeploymentPostprocessing = 0;
			shellPath = /bin/sh;
			shellScript = "diff \"${PODS_PODFILE_DIR_PATH}/Podfile.lock\" \"${PODS_ROOT}/Manifest.lock\" > /dev/null\nif [ $? != 0 ] ; then\n    # print error to STDERR\n    echo \"error: The sandbox is not in sync with the Podfile.lock. Run 'pod install' or update your CocoaPods installation.\" >&2\n    exit 1\nfi\n# This output is used by Xcode 'outputs' to avoid re-running this script phase.\necho \"SUCCESS\" > \"${SCRIPT_OUTPUT_FILE_0}\"\n";
			showEnvVarsInLog = 0;
		};
		BEF56BF1C58659642C2B2D9D /* [CP] Embed Pods Frameworks */ = {
			isa = PBXShellScriptBuildPhase;
			buildActionMask = 2147483647;
			files = (
			);
			inputPaths = (
				"${SRCROOT}/Pods/Target Support Files/Pods-FancyForms/Pods-FancyForms-frameworks.sh",
				"${BUILT_PRODUCTS_DIR}/Eureka/Eureka.framework",
			);
			name = "[CP] Embed Pods Frameworks";
			outputPaths = (
				"${TARGET_BUILD_DIR}/${FRAMEWORKS_FOLDER_PATH}/Eureka.framework",
			);
			runOnlyForDeploymentPostprocessing = 0;
			shellPath = /bin/sh;
			shellScript = "\"${SRCROOT}/Pods/Target Support Files/Pods-FancyForms/Pods-FancyForms-frameworks.sh\"\n";
			showEnvVarsInLog = 0;
		};
/* End PBXShellScriptBuildPhase section */

/* Begin PBXSourcesBuildPhase section */
		96FEC4412141AF7A006D5EAA /* Sources */ = {
			isa = PBXSourcesBuildPhase;
			buildActionMask = 2147483647;
			files = (
				96FEC4512141AF7A006D5EAA /* FancyForms.xcdatamodeld in Sources */,
				96FEC44B2141AF7A006D5EAA /* ViewController.swift in Sources */,
				96FEC4492141AF7A006D5EAA /* AppDelegate.swift in Sources */,
			);
			runOnlyForDeploymentPostprocessing = 0;
		};
		96FEC4582141AF7B006D5EAA /* Sources */ = {
			isa = PBXSourcesBuildPhase;
			buildActionMask = 2147483647;
			files = (
				96FEC4612141AF7B006D5EAA /* FancyFormsTests.swift in Sources */,
			);
			runOnlyForDeploymentPostprocessing = 0;
		};
/* End PBXSourcesBuildPhase section */

/* Begin PBXTargetDependency section */
		96FEC45E2141AF7B006D5EAA /* PBXTargetDependency */ = {
			isa = PBXTargetDependency;
			target = 96FEC4442141AF7A006D5EAA /* FancyForms */;
			targetProxy = 96FEC45D2141AF7B006D5EAA /* PBXContainerItemProxy */;
		};
/* End PBXTargetDependency section */

/* Begin PBXVariantGroup section */
		96FEC44C2141AF7A006D5EAA /* Main.storyboard */ = {
			isa = PBXVariantGroup;
			children = (
				96FEC44D2141AF7A006D5EAA /* Base */,
			);
			name = Main.storyboard;
			sourceTree = "<group>";
		};
		96FEC4542141AF7B006D5EAA /* LaunchScreen.storyboard */ = {
			isa = PBXVariantGroup;
			children = (
				96FEC4552141AF7B006D5EAA /* Base */,
			);
			name = LaunchScreen.storyboard;
			sourceTree = "<group>";
		};
/* End PBXVariantGroup section */

/* Begin XCBuildConfiguration section */
		96FEC4632141AF7B006D5EAA /* Debug */ = {
			isa = XCBuildConfiguration;
			buildSettings = {
				ALWAYS_SEARCH_USER_PATHS = NO;
				CLANG_ANALYZER_NONNULL = YES;
				CLANG_ANALYZER_NUMBER_OBJECT_CONVERSION = YES_AGGRESSIVE;
				CLANG_CXX_LANGUAGE_STANDARD = "gnu++14";
				CLANG_CXX_LIBRARY = "libc++";
				CLANG_ENABLE_MODULES = YES;
				CLANG_ENABLE_OBJC_ARC = YES;
				CLANG_ENABLE_OBJC_WEAK = YES;
				CLANG_WARN_BLOCK_CAPTURE_AUTORELEASING = YES;
				CLANG_WARN_BOOL_CONVERSION = YES;
				CLANG_WARN_COMMA = YES;
				CLANG_WARN_CONSTANT_CONVERSION = YES;
				CLANG_WARN_DEPRECATED_OBJC_IMPLEMENTATIONS = YES;
				CLANG_WARN_DIRECT_OBJC_ISA_USAGE = YES_ERROR;
				CLANG_WARN_DOCUMENTATION_COMMENTS = YES;
				CLANG_WARN_EMPTY_BODY = YES;
				CLANG_WARN_ENUM_CONVERSION = YES;
				CLANG_WARN_INFINITE_RECURSION = YES;
				CLANG_WARN_INT_CONVERSION = YES;
				CLANG_WARN_NON_LITERAL_NULL_CONVERSION = YES;
				CLANG_WARN_OBJC_IMPLICIT_RETAIN_SELF = YES;
				CLANG_WARN_OBJC_LITERAL_CONVERSION = YES;
				CLANG_WARN_OBJC_ROOT_CLASS = YES_ERROR;
				CLANG_WARN_RANGE_LOOP_ANALYSIS = YES;
				CLANG_WARN_STRICT_PROTOTYPES = YES;
				CLANG_WARN_SUSPICIOUS_MOVE = YES;
				CLANG_WARN_UNGUARDED_AVAILABILITY = YES_AGGRESSIVE;
				CLANG_WARN_UNREACHABLE_CODE = YES;
				CLANG_WARN__DUPLICATE_METHOD_MATCH = YES;
				CODE_SIGN_IDENTITY = "iPhone Developer";
				COPY_PHASE_STRIP = NO;
				DEBUG_INFORMATION_FORMAT = dwarf;
				ENABLE_STRICT_OBJC_MSGSEND = YES;
				ENABLE_TESTABILITY = YES;
				GCC_C_LANGUAGE_STANDARD = gnu11;
				GCC_DYNAMIC_NO_PIC = NO;
				GCC_NO_COMMON_BLOCKS = YES;
				GCC_OPTIMIZATION_LEVEL = 0;
				GCC_PREPROCESSOR_DEFINITIONS = (
					"DEBUG=1",
					"$(inherited)",
				);
				GCC_WARN_64_TO_32_BIT_CONVERSION = YES;
				GCC_WARN_ABOUT_RETURN_TYPE = YES_ERROR;
				GCC_WARN_UNDECLARED_SELECTOR = YES;
				GCC_WARN_UNINITIALIZED_AUTOS = YES_AGGRESSIVE;
				GCC_WARN_UNUSED_FUNCTION = YES;
				GCC_WARN_UNUSED_VARIABLE = YES;
				IPHONEOS_DEPLOYMENT_TARGET = 11.4;
				MTL_ENABLE_DEBUG_INFO = YES;
				ONLY_ACTIVE_ARCH = YES;
				SDKROOT = iphoneos;
				SWIFT_ACTIVE_COMPILATION_CONDITIONS = DEBUG;
				SWIFT_OPTIMIZATION_LEVEL = "-Onone";
			};
			name = Debug;
		};
		96FEC4642141AF7B006D5EAA /* Release */ = {
			isa = XCBuildConfiguration;
			buildSettings = {
				ALWAYS_SEARCH_USER_PATHS = NO;
				CLANG_ANALYZER_NONNULL = YES;
				CLANG_ANALYZER_NUMBER_OBJECT_CONVERSION = YES_AGGRESSIVE;
				CLANG_CXX_LANGUAGE_STANDARD = "gnu++14";
				CLANG_CXX_LIBRARY = "libc++";
				CLANG_ENABLE_MODULES = YES;
				CLANG_ENABLE_OBJC_ARC = YES;
				CLANG_ENABLE_OBJC_WEAK = YES;
				CLANG_WARN_BLOCK_CAPTURE_AUTORELEASING = YES;
				CLANG_WARN_BOOL_CONVERSION = YES;
				CLANG_WARN_COMMA = YES;
				CLANG_WARN_CONSTANT_CONVERSION = YES;
				CLANG_WARN_DEPRECATED_OBJC_IMPLEMENTATIONS = YES;
				CLANG_WARN_DIRECT_OBJC_ISA_USAGE = YES_ERROR;
				CLANG_WARN_DOCUMENTATION_COMMENTS = YES;
				CLANG_WARN_EMPTY_BODY = YES;
				CLANG_WARN_ENUM_CONVERSION = YES;
				CLANG_WARN_INFINITE_RECURSION = YES;
				CLANG_WARN_INT_CONVERSION = YES;
				CLANG_WARN_NON_LITERAL_NULL_CONVERSION = YES;
				CLANG_WARN_OBJC_IMPLICIT_RETAIN_SELF = YES;
				CLANG_WARN_OBJC_LITERAL_CONVERSION = YES;
				CLANG_WARN_OBJC_ROOT_CLASS = YES_ERROR;
				CLANG_WARN_RANGE_LOOP_ANALYSIS = YES;
				CLANG_WARN_STRICT_PROTOTYPES = YES;
				CLANG_WARN_SUSPICIOUS_MOVE = YES;
				CLANG_WARN_UNGUARDED_AVAILABILITY = YES_AGGRESSIVE;
				CLANG_WARN_UNREACHABLE_CODE = YES;
				CLANG_WARN__DUPLICATE_METHOD_MATCH = YES;
				CODE_SIGN_IDENTITY = "iPhone Developer";
				COPY_PHASE_STRIP = NO;
				DEBUG_INFORMATION_FORMAT = "dwarf-with-dsym";
				ENABLE_NS_ASSERTIONS = NO;
				ENABLE_STRICT_OBJC_MSGSEND = YES;
				GCC_C_LANGUAGE_STANDARD = gnu11;
				GCC_NO_COMMON_BLOCKS = YES;
				GCC_WARN_64_TO_32_BIT_CONVERSION = YES;
				GCC_WARN_ABOUT_RETURN_TYPE = YES_ERROR;
				GCC_WARN_UNDECLARED_SELECTOR = YES;
				GCC_WARN_UNINITIALIZED_AUTOS = YES_AGGRESSIVE;
				GCC_WARN_UNUSED_FUNCTION = YES;
				GCC_WARN_UNUSED_VARIABLE = YES;
				IPHONEOS_DEPLOYMENT_TARGET = 11.4;
				MTL_ENABLE_DEBUG_INFO = NO;
				SDKROOT = iphoneos;
				SWIFT_COMPILATION_MODE = wholemodule;
				SWIFT_OPTIMIZATION_LEVEL = "-O";
				VALIDATE_PRODUCT = YES;
			};
			name = Release;
		};
		96FEC4662141AF7B006D5EAA /* Debug */ = {
			isa = XCBuildConfiguration;
			baseConfigurationReference = 211111B3F96E7934C6F13B32 /* Pods-FancyForms.debug.xcconfig */;
			buildSettings = {
				ASSETCATALOG_COMPILER_APPICON_NAME = AppIcon;
				CODE_SIGN_STYLE = Automatic;
				DEVELOPMENT_TEAM = K8HU92W3ZM;
				INFOPLIST_FILE = FancyForms/Info.plist;
				LD_RUNPATH_SEARCH_PATHS = (
					"$(inherited)",
					"@executable_path/Frameworks",
				);
				PRODUCT_BUNDLE_IDENTIFIER = com.laurennicoleroth.FancyForms;
				PRODUCT_NAME = "$(TARGET_NAME)";
				SWIFT_VERSION = 4.0;
				TARGETED_DEVICE_FAMILY = "1,2";
			};
			name = Debug;
		};
		96FEC4672141AF7B006D5EAA /* Release */ = {
			isa = XCBuildConfiguration;
			baseConfigurationReference = FA4621324D1E2529C52D97DC /* Pods-FancyForms.release.xcconfig */;
			buildSettings = {
				ASSETCATALOG_COMPILER_APPICON_NAME = AppIcon;
				CODE_SIGN_STYLE = Automatic;
				DEVELOPMENT_TEAM = K8HU92W3ZM;
				INFOPLIST_FILE = FancyForms/Info.plist;
				LD_RUNPATH_SEARCH_PATHS = (
					"$(inherited)",
					"@executable_path/Frameworks",
				);
				PRODUCT_BUNDLE_IDENTIFIER = com.laurennicoleroth.FancyForms;
				PRODUCT_NAME = "$(TARGET_NAME)";
				SWIFT_VERSION = 4.0;
				TARGETED_DEVICE_FAMILY = "1,2";
			};
			name = Release;
		};
		96FEC4692141AF7B006D5EAA /* Debug */ = {
			isa = XCBuildConfiguration;
			baseConfigurationReference = A4EC2CB9C56D31C0DE29E453 /* Pods-FancyFormsTests.debug.xcconfig */;
			buildSettings = {
				ALWAYS_EMBED_SWIFT_STANDARD_LIBRARIES = YES;
				BUNDLE_LOADER = "$(TEST_HOST)";
				CODE_SIGN_STYLE = Automatic;
				DEVELOPMENT_TEAM = K8HU92W3ZM;
				INFOPLIST_FILE = FancyFormsTests/Info.plist;
				LD_RUNPATH_SEARCH_PATHS = (
					"$(inherited)",
					"@executable_path/Frameworks",
					"@loader_path/Frameworks",
				);
				PRODUCT_BUNDLE_IDENTIFIER = com.laurennicoleroth.FancyFormsTests;
				PRODUCT_NAME = "$(TARGET_NAME)";
				SWIFT_VERSION = 4.0;
				TARGETED_DEVICE_FAMILY = "1,2";
				TEST_HOST = "$(BUILT_PRODUCTS_DIR)/FancyForms.app/FancyForms";
			};
			name = Debug;
		};
		96FEC46A2141AF7B006D5EAA /* Release */ = {
			isa = XCBuildConfiguration;
			baseConfigurationReference = 962D7AC11E7E276D69D77292 /* Pods-FancyFormsTests.release.xcconfig */;
			buildSettings = {
				ALWAYS_EMBED_SWIFT_STANDARD_LIBRARIES = YES;
				BUNDLE_LOADER = "$(TEST_HOST)";
				CODE_SIGN_STYLE = Automatic;
				DEVELOPMENT_TEAM = K8HU92W3ZM;
				INFOPLIST_FILE = FancyFormsTests/Info.plist;
				LD_RUNPATH_SEARCH_PATHS = (
					"$(inherited)",
					"@executable_path/Frameworks",
					"@loader_path/Frameworks",
				);
				PRODUCT_BUNDLE_IDENTIFIER = com.laurennicoleroth.FancyFormsTests;
				PRODUCT_NAME = "$(TARGET_NAME)";
				SWIFT_VERSION = 4.0;
				TARGETED_DEVICE_FAMILY = "1,2";
				TEST_HOST = "$(BUILT_PRODUCTS_DIR)/FancyForms.app/FancyForms";
			};
			name = Release;
		};
/* End XCBuildConfiguration section */

/* Begin XCConfigurationList section */
		96FEC4402141AF7A006D5EAA /* Build configuration list for PBXProject "FancyForms" */ = {
			isa = XCConfigurationList;
			buildConfigurations = (
				96FEC4632141AF7B006D5EAA /* Debug */,
				96FEC4642141AF7B006D5EAA /* Release */,
			);
			defaultConfigurationIsVisible = 0;
			defaultConfigurationName = Release;
		};
		96FEC4652141AF7B006D5EAA /* Build configuration list for PBXNativeTarget "FancyForms" */ = {
			isa = XCConfigurationList;
			buildConfigurations = (
				96FEC4662141AF7B006D5EAA /* Debug */,
				96FEC4672141AF7B006D5EAA /* Release */,
			);
			defaultConfigurationIsVisible = 0;
			defaultConfigurationName = Release;
		};
		96FEC4682141AF7B006D5EAA /* Build configuration list for PBXNativeTarget "FancyFormsTests" */ = {
			isa = XCConfigurationList;
			buildConfigurations = (
				96FEC4692141AF7B006D5EAA /* Debug */,
				96FEC46A2141AF7B006D5EAA /* Release */,
			);
			defaultConfigurationIsVisible = 0;
			defaultConfigurationName = Release;
		};
/* End XCConfigurationList section */

/* Begin XCVersionGroup section */
		96FEC44F2141AF7A006D5EAA /* FancyForms.xcdatamodeld */ = {
			isa = XCVersionGroup;
			children = (
				96FEC4502141AF7A006D5EAA /* FancyForms.xcdatamodel */,
			);
			currentVersion = 96FEC4502141AF7A006D5EAA /* FancyForms.xcdatamodel */;
			path = FancyForms.xcdatamodeld;
			sourceTree = "<group>";
			versionGroupType = wrapper.xcdatamodel;
		};
/* End XCVersionGroup section */
	};
	rootObject = 96FEC43D2141AF7A006D5EAA /* Project object */;
}
